
Microsoft Visual Studio Solution File, Format Version 12.00
# Visual Studio Version 17
VisualStudioVersion = 17.9.34414.90
MinimumVisualStudioVersion = 10.0.40219.1
Project("{9A19103F-16F7-4668-BE54-9A1E7A4F7556}") = "E-commerce-SOA.API", "E-commerce-SOA.API\E-commerce-SOA.API.csproj", "{589F5046-3552-47D6-B70C-D0E52343A336}"
EndProject
Project("{FAE04EC0-301F-11D3-BF4B-00C04F79EFBC}") = "E-commerce-SOA.Entities", "E-commerce-SOA.Entities\E-commerce-SOA.Entities.csproj", "{14C2316C-D9EF-472B-9B1C-B9CE4AB7EE1D}"
EndProject
Project("{FAE04EC0-301F-11D3-BF4B-00C04F79EFBC}") = "E-commerce-SOA.BussinessLayer", "E-commerce-SOA.BussinessLayer\E-commerce-SOA.BussinessLayer.csproj", "{1BB393D7-0511-4D13-9A33-4D51DCE7ADF1}"
EndProject
Project("{FAE04EC0-301F-11D3-BF4B-00C04F79EFBC}") = "E-commerce-SOA.Core", "E-commerce-SOA.Core\E-commerce-SOA.Core.csproj", "{ACE7CA9F-85D8-4002-A3A1-FECDBD48C60B}"
EndProject
Global
	GlobalSection(SolutionConfigurationPlatforms) = preSolution
		Debug|Any CPU = Debug|Any CPU
		Release|Any CPU = Release|Any CPU
	EndGlobalSection
	GlobalSection(ProjectConfigurationPlatforms) = postSolution
		{589F5046-3552-47D6-B70C-D0E52343A336}.Debug|Any CPU.ActiveCfg = Debug|Any CPU
		{589F5046-3552-47D6-B70C-D0E52343A336}.Debug|Any CPU.Build.0 = Debug|Any CPU
		{589F5046-3552-47D6-B70C-D0E52343A336}.Release|Any CPU.ActiveCfg = Release|Any CPU
		{589F5046-3552-47D6-B70C-D0E52343A336}.Release|Any CPU.Build.0 = Release|Any CPU
		{14C2316C-D9EF-472B-9B1C-B9CE4AB7EE1D}.Debug|Any CPU.ActiveCfg = Debug|Any CPU
		{14C2316C-D9EF-472B-9B1C-B9CE4AB7EE1D}.Debug|Any CPU.Build.0 = Debug|Any CPU
		{14C2316C-D9EF-472B-9B1C-B9CE4AB7EE1D}.Release|Any CPU.ActiveCfg = Release|Any CPU
		{14C2316C-D9EF-472B-9B1C-B9CE4AB7EE1D}.Release|Any CPU.Build.0 = Release|Any CPU
		{1BB393D7-0511-4D13-9A33-4D51DCE7ADF1}.Debug|Any CPU.ActiveCfg = Debug|Any CPU
		{1BB393D7-0511-4D13-9A33-4D51DCE7ADF1}.Debug|Any CPU.Build.0 = Debug|Any CPU
		{1BB393D7-0511-4D13-9A33-4D51DCE7ADF1}.Release|Any CPU.ActiveCfg = Release|Any CPU
		{1BB393D7-0511-4D13-9A33-4D51DCE7ADF1}.Release|Any CPU.Build.0 = Release|Any CPU
		{ACE7CA9F-85D8-4002-A3A1-FECDBD48C60B}.Debug|Any CPU.ActiveCfg = Debug|Any CPU
		{ACE7CA9F-85D8-4002-A3A1-FECDBD48C60B}.Debug|Any CPU.Build.0 = Debug|Any CPU
		{ACE7CA9F-85D8-4002-A3A1-FECDBD48C60B}.Release|Any CPU.ActiveCfg = Release|Any CPU
		{ACE7CA9F-85D8-4002-A3A1-FECDBD48C60B}.Release|Any CPU.Build.0 = Release|Any CPU
	EndGlobalSection
	GlobalSection(SolutionProperties) = preSolution
		HideSolutionNode = FALSE
	EndGlobalSection
	GlobalSection(ExtensibilityGlobals) = postSolution
		SolutionGuid = {9117C887-0929-4612-8045-B859702BFE44}
	EndGlobalSection
EndGlobal
